// !$*UTF8*$!
{
	archiveVersion = 1;
	classes = {
	};
	objectVersion = 55;
	objects = {

/* Begin PBXBuildFile section */
		8B1E611728ABE904006FB525 /* HumorView.storyboard in Resources */ = {isa = PBXBuildFile; fileRef = 8B1E611628ABE904006FB525 /* HumorView.storyboard */; };
		8B1E611928ABEA29006FB525 /* Task.swift in Sources */ = {isa = PBXBuildFile; fileRef = 8B1E611828ABEA29006FB525 /* Task.swift */; };
		8B1E611B28ABEA35006FB525 /* Goal.swift in Sources */ = {isa = PBXBuildFile; fileRef = 8B1E611A28ABEA35006FB525 /* Goal.swift */; };
		8B1E611D28ABEAB2006FB525 /* DailyTasksController.swift in Sources */ = {isa = PBXBuildFile; fileRef = 8B1E611C28ABEAB2006FB525 /* DailyTasksController.swift */; };
		8B54985628ABC5D200299D02 /* DailyTasks.storyboard in Resources */ = {isa = PBXBuildFile; fileRef = 8B54985528ABC5D200299D02 /* DailyTasks.storyboard */; };
		8BB52E2328ABC4E300916CD5 /* AppDelegate.swift in Sources */ = {isa = PBXBuildFile; fileRef = 8BB52E2228ABC4E300916CD5 /* AppDelegate.swift */; };
		8BB52E2528ABC4E300916CD5 /* SceneDelegate.swift in Sources */ = {isa = PBXBuildFile; fileRef = 8BB52E2428ABC4E300916CD5 /* SceneDelegate.swift */; };
		8BB52E2C28ABC4E400916CD5 /* Assets.xcassets in Resources */ = {isa = PBXBuildFile; fileRef = 8BB52E2B28ABC4E400916CD5 /* Assets.xcassets */; };
		8BB52E2F28ABC4E400916CD5 /* LaunchScreen.storyboard in Resources */ = {isa = PBXBuildFile; fileRef = 8BB52E2D28ABC4E400916CD5 /* LaunchScreen.storyboard */; };
		8BDB1F7828AD34BD009C945D /* CardCell.swift in Sources */ = {isa = PBXBuildFile; fileRef = 8BDB1F7728AD34BD009C945D /* CardCell.swift */; };
		8D745E2128ABCC4300F6ED75 /* HumorSelection.swift in Sources */ = {isa = PBXBuildFile; fileRef = 8D745E2028ABCC4300F6ED75 /* HumorSelection.swift */; };
		8D75176B28B51F140033E38B /* Goals.storyboard in Resources */ = {isa = PBXBuildFile; fileRef = 8D75176A28B51F140033E38B /* Goals.storyboard */; };
		8DB5322D28AE9A1200327621 /* ViewController.swift in Sources */ = {isa = PBXBuildFile; fileRef = 8DB5322C28AE9A1200327621 /* ViewController.swift */; };
		8DB5324128AE9BD500327621 /* Poppins-LightItalic.ttf in Resources */ = {isa = PBXBuildFile; fileRef = 8DB5323828AE9B8300327621 /* Poppins-LightItalic.ttf */; };
		8DB5324228AE9BD500327621 /* Poppins-Light.ttf in Resources */ = {isa = PBXBuildFile; fileRef = 8DB5322E28AE9B8200327621 /* Poppins-Light.ttf */; };
		8DB5324328AE9BD500327621 /* Poppins-ExtraBold.ttf in Resources */ = {isa = PBXBuildFile; fileRef = 8DB5323928AE9B8300327621 /* Poppins-ExtraBold.ttf */; };
		8DB5324428AE9BD500327621 /* Poppins-Medium.ttf in Resources */ = {isa = PBXBuildFile; fileRef = 8DB5323E28AE9B8300327621 /* Poppins-Medium.ttf */; };
		8DB5324528AE9BD500327621 /* Poppins-Thin.ttf in Resources */ = {isa = PBXBuildFile; fileRef = 8DB5322F28AE9B8200327621 /* Poppins-Thin.ttf */; };
		8DB5324628AE9BD500327621 /* Poppins-Black.ttf in Resources */ = {isa = PBXBuildFile; fileRef = 8DB5323228AE9B8200327621 /* Poppins-Black.ttf */; };
		8DB5324728AE9BD500327621 /* Poppins-BoldItalic.ttf in Resources */ = {isa = PBXBuildFile; fileRef = 8DB5323328AE9B8300327621 /* Poppins-BoldItalic.ttf */; };
		8DB5324828AE9BD500327621 /* Poppins-ExtraBoldItalic.ttf in Resources */ = {isa = PBXBuildFile; fileRef = 8DB5323C28AE9B8300327621 /* Poppins-ExtraBoldItalic.ttf */; };
		8DB5324928AE9BD500327621 /* Poppins-SemiBoldItalic.ttf in Resources */ = {isa = PBXBuildFile; fileRef = 8DB5323428AE9B8300327621 /* Poppins-SemiBoldItalic.ttf */; };
		8DB5324A28AE9BD500327621 /* Poppins-ExtraLight.ttf in Resources */ = {isa = PBXBuildFile; fileRef = 8DB5323B28AE9B8300327621 /* Poppins-ExtraLight.ttf */; };
		8DB5324B28AE9BD500327621 /* Poppins-MediumItalic.ttf in Resources */ = {isa = PBXBuildFile; fileRef = 8DB5323128AE9B8200327621 /* Poppins-MediumItalic.ttf */; };
		8DB5324C28AE9BD500327621 /* Poppins-SemiBold.ttf in Resources */ = {isa = PBXBuildFile; fileRef = 8DB5323528AE9B8300327621 /* Poppins-SemiBold.ttf */; };
		8DB5324D28AE9BD500327621 /* Poppins-Italic.ttf in Resources */ = {isa = PBXBuildFile; fileRef = 8DB5323028AE9B8200327621 /* Poppins-Italic.ttf */; };
		8DB5324E28AE9BD500327621 /* Poppins-Regular.ttf in Resources */ = {isa = PBXBuildFile; fileRef = 8DB5323F28AE9B8300327621 /* Poppins-Regular.ttf */; };
		8DB5324F28AE9BD500327621 /* Poppins-BlackItalic.ttf in Resources */ = {isa = PBXBuildFile; fileRef = 8DB5323D28AE9B8300327621 /* Poppins-BlackItalic.ttf */; };
		8DB5325028AE9BD500327621 /* Poppins-ExtraLightItalic.ttf in Resources */ = {isa = PBXBuildFile; fileRef = 8DB5323728AE9B8300327621 /* Poppins-ExtraLightItalic.ttf */; };
		8DB5325128AE9BD500327621 /* Poppins-ThinItalic.ttf in Resources */ = {isa = PBXBuildFile; fileRef = 8DB5323628AE9B8300327621 /* Poppins-ThinItalic.ttf */; };
		8DB5325228AE9BD500327621 /* Poppins-Bold.ttf in Resources */ = {isa = PBXBuildFile; fileRef = 8DB5323A28AE9B8300327621 /* Poppins-Bold.ttf */; };
		8DC408AA28B6636D00847C28 /* GoalsController.swift in Sources */ = {isa = PBXBuildFile; fileRef = 8DC408A928B6636D00847C28 /* GoalsController.swift */; };
		8DD4573C28B7BCC1004B68DC /* NewTaskViewController.swift in Sources */ = {isa = PBXBuildFile; fileRef = 8DD4573B28B7BCC1004B68DC /* NewTaskViewController.swift */; };
/* End PBXBuildFile section */

/* Begin PBXFileReference section */
		8B1E611628ABE904006FB525 /* HumorView.storyboard */ = {isa = PBXFileReference; lastKnownFileType = file.storyboard; path = HumorView.storyboard; sourceTree = "<group>"; };
		8B1E611828ABEA29006FB525 /* Task.swift */ = {isa = PBXFileReference; lastKnownFileType = sourcecode.swift; path = Task.swift; sourceTree = "<group>"; };
		8B1E611A28ABEA35006FB525 /* Goal.swift */ = {isa = PBXFileReference; lastKnownFileType = sourcecode.swift; path = Goal.swift; sourceTree = "<group>"; };
		8B1E611C28ABEAB2006FB525 /* DailyTasksController.swift */ = {isa = PBXFileReference; lastKnownFileType = sourcecode.swift; path = DailyTasksController.swift; sourceTree = "<group>"; };
		8B54985528ABC5D200299D02 /* DailyTasks.storyboard */ = {isa = PBXFileReference; lastKnownFileType = file.storyboard; path = DailyTasks.storyboard; sourceTree = "<group>"; };
		8BB52E1F28ABC4E300916CD5 /* Challenge04.app */ = {isa = PBXFileReference; explicitFileType = wrapper.application; includeInIndex = 0; path = Challenge04.app; sourceTree = BUILT_PRODUCTS_DIR; };
		8BB52E2228ABC4E300916CD5 /* AppDelegate.swift */ = {isa = PBXFileReference; lastKnownFileType = sourcecode.swift; path = AppDelegate.swift; sourceTree = "<group>"; };
		8BB52E2428ABC4E300916CD5 /* SceneDelegate.swift */ = {isa = PBXFileReference; lastKnownFileType = sourcecode.swift; path = SceneDelegate.swift; sourceTree = "<group>"; };
		8BB52E2B28ABC4E400916CD5 /* Assets.xcassets */ = {isa = PBXFileReference; lastKnownFileType = folder.assetcatalog; path = Assets.xcassets; sourceTree = "<group>"; };
		8BB52E2E28ABC4E400916CD5 /* Base */ = {isa = PBXFileReference; lastKnownFileType = file.storyboard; name = Base; path = Base.lproj/LaunchScreen.storyboard; sourceTree = "<group>"; };
		8BB52E3028ABC4E400916CD5 /* Info.plist */ = {isa = PBXFileReference; lastKnownFileType = text.plist.xml; path = Info.plist; sourceTree = "<group>"; };
		8BDB1F7728AD34BD009C945D /* CardCell.swift */ = {isa = PBXFileReference; lastKnownFileType = sourcecode.swift; path = CardCell.swift; sourceTree = "<group>"; };
		8D745E2028ABCC4300F6ED75 /* HumorSelection.swift */ = {isa = PBXFileReference; lastKnownFileType = sourcecode.swift; path = HumorSelection.swift; sourceTree = "<group>"; };
		8D75176A28B51F140033E38B /* Goals.storyboard */ = {isa = PBXFileReference; fileEncoding = 4; lastKnownFileType = file.storyboard; path = Goals.storyboard; sourceTree = "<group>"; };
		8DB5322C28AE9A1200327621 /* ViewController.swift */ = {isa = PBXFileReference; fileEncoding = 4; lastKnownFileType = sourcecode.swift; path = ViewController.swift; sourceTree = "<group>"; };
		8DB5322E28AE9B8200327621 /* Poppins-Light.ttf */ = {isa = PBXFileReference; lastKnownFileType = file; path = "Poppins-Light.ttf"; sourceTree = "<group>"; };
		8DB5322F28AE9B8200327621 /* Poppins-Thin.ttf */ = {isa = PBXFileReference; lastKnownFileType = file; path = "Poppins-Thin.ttf"; sourceTree = "<group>"; };
		8DB5323028AE9B8200327621 /* Poppins-Italic.ttf */ = {isa = PBXFileReference; lastKnownFileType = file; path = "Poppins-Italic.ttf"; sourceTree = "<group>"; };
		8DB5323128AE9B8200327621 /* Poppins-MediumItalic.ttf */ = {isa = PBXFileReference; lastKnownFileType = file; path = "Poppins-MediumItalic.ttf"; sourceTree = "<group>"; };
		8DB5323228AE9B8200327621 /* Poppins-Black.ttf */ = {isa = PBXFileReference; lastKnownFileType = file; path = "Poppins-Black.ttf"; sourceTree = "<group>"; };
		8DB5323328AE9B8300327621 /* Poppins-BoldItalic.ttf */ = {isa = PBXFileReference; lastKnownFileType = file; path = "Poppins-BoldItalic.ttf"; sourceTree = "<group>"; };
		8DB5323428AE9B8300327621 /* Poppins-SemiBoldItalic.ttf */ = {isa = PBXFileReference; lastKnownFileType = file; path = "Poppins-SemiBoldItalic.ttf"; sourceTree = "<group>"; };
		8DB5323528AE9B8300327621 /* Poppins-SemiBold.ttf */ = {isa = PBXFileReference; lastKnownFileType = file; path = "Poppins-SemiBold.ttf"; sourceTree = "<group>"; };
		8DB5323628AE9B8300327621 /* Poppins-ThinItalic.ttf */ = {isa = PBXFileReference; lastKnownFileType = file; path = "Poppins-ThinItalic.ttf"; sourceTree = "<group>"; };
		8DB5323728AE9B8300327621 /* Poppins-ExtraLightItalic.ttf */ = {isa = PBXFileReference; lastKnownFileType = file; path = "Poppins-ExtraLightItalic.ttf"; sourceTree = "<group>"; };
		8DB5323828AE9B8300327621 /* Poppins-LightItalic.ttf */ = {isa = PBXFileReference; lastKnownFileType = file; path = "Poppins-LightItalic.ttf"; sourceTree = "<group>"; };
		8DB5323928AE9B8300327621 /* Poppins-ExtraBold.ttf */ = {isa = PBXFileReference; lastKnownFileType = file; path = "Poppins-ExtraBold.ttf"; sourceTree = "<group>"; };
		8DB5323A28AE9B8300327621 /* Poppins-Bold.ttf */ = {isa = PBXFileReference; lastKnownFileType = file; path = "Poppins-Bold.ttf"; sourceTree = "<group>"; };
		8DB5323B28AE9B8300327621 /* Poppins-ExtraLight.ttf */ = {isa = PBXFileReference; lastKnownFileType = file; path = "Poppins-ExtraLight.ttf"; sourceTree = "<group>"; };
		8DB5323C28AE9B8300327621 /* Poppins-ExtraBoldItalic.ttf */ = {isa = PBXFileReference; lastKnownFileType = file; path = "Poppins-ExtraBoldItalic.ttf"; sourceTree = "<group>"; };
		8DB5323D28AE9B8300327621 /* Poppins-BlackItalic.ttf */ = {isa = PBXFileReference; lastKnownFileType = file; path = "Poppins-BlackItalic.ttf"; sourceTree = "<group>"; };
		8DB5323E28AE9B8300327621 /* Poppins-Medium.ttf */ = {isa = PBXFileReference; lastKnownFileType = file; path = "Poppins-Medium.ttf"; sourceTree = "<group>"; };
		8DB5323F28AE9B8300327621 /* Poppins-Regular.ttf */ = {isa = PBXFileReference; lastKnownFileType = file; path = "Poppins-Regular.ttf"; sourceTree = "<group>"; };
		8DC408A928B6636D00847C28 /* GoalsController.swift */ = {isa = PBXFileReference; lastKnownFileType = sourcecode.swift; path = GoalsController.swift; sourceTree = "<group>"; };
		8DD4573B28B7BCC1004B68DC /* NewTaskViewController.swift */ = {isa = PBXFileReference; lastKnownFileType = sourcecode.swift; path = NewTaskViewController.swift; sourceTree = "<group>"; };
/* End PBXFileReference section */

/* Begin PBXFrameworksBuildPhase section */
		8BB52E1C28ABC4E300916CD5 /* Frameworks */ = {
			isa = PBXFrameworksBuildPhase;
			buildActionMask = 2147483647;
			files = (
			);
			runOnlyForDeploymentPostprocessing = 0;
		};
/* End PBXFrameworksBuildPhase section */

/* Begin PBXGroup section */
		8B54985728ABC5F100299D02 /* Model */ = {
			isa = PBXGroup;
			children = (
				8D745E2028ABCC4300F6ED75 /* HumorSelection.swift */,
				8B1E611828ABEA29006FB525 /* Task.swift */,
				8B1E611A28ABEA35006FB525 /* Goal.swift */,
			);
			path = Model;
			sourceTree = "<group>";
		};
		8B54985828ABC5F600299D02 /* Controller */ = {
			isa = PBXGroup;
			children = (
				8DC408A928B6636D00847C28 /* GoalsController.swift */,
				8DD4573B28B7BCC1004B68DC /* NewTaskViewController.swift */,
				8DB5322C28AE9A1200327621 /* ViewController.swift */,
				8B1E611C28ABEAB2006FB525 /* DailyTasksController.swift */,
				8BDB1F7728AD34BD009C945D /* CardCell.swift */,
			);
			path = Controller;
			sourceTree = "<group>";
		};
		8BB52E1628ABC4E300916CD5 = {
			isa = PBXGroup;
			children = (
				8BB52E2128ABC4E300916CD5 /* Challenge04 */,
				8BB52E2028ABC4E300916CD5 /* Products */,
			);
			sourceTree = "<group>";
		};
		8BB52E2028ABC4E300916CD5 /* Products */ = {
			isa = PBXGroup;
			children = (
				8BB52E1F28ABC4E300916CD5 /* Challenge04.app */,
			);
			name = Products;
			sourceTree = "<group>";
		};
		8BB52E2128ABC4E300916CD5 /* Challenge04 */ = {
			isa = PBXGroup;
			children = (
				8BB52E2228ABC4E300916CD5 /* AppDelegate.swift */,
				8BB52E2428ABC4E300916CD5 /* SceneDelegate.swift */,
				8B54985728ABC5F100299D02 /* Model */,
				8BB52E3628ABC4F100916CD5 /* View */,
				8B54985828ABC5F600299D02 /* Controller */,
				8BB52E2B28ABC4E400916CD5 /* Assets.xcassets */,
				8BB52E3028ABC4E400916CD5 /* Info.plist */,
				8DB5324028AE9BA000327621 /* Fonts */,
			);
			path = Challenge04;
			sourceTree = "<group>";
		};
		8BB52E3628ABC4F100916CD5 /* View */ = {
			isa = PBXGroup;
			children = (
				8D75176A28B51F140033E38B /* Goals.storyboard */,
				8B54985528ABC5D200299D02 /* DailyTasks.storyboard */,
				8B1E611628ABE904006FB525 /* HumorView.storyboard */,
				8BB52E2D28ABC4E400916CD5 /* LaunchScreen.storyboard */,
			);
			path = View;
			sourceTree = "<group>";
		};
		8DB5324028AE9BA000327621 /* Fonts */ = {
			isa = PBXGroup;
			children = (
				8DB5323228AE9B8200327621 /* Poppins-Black.ttf */,
				8DB5323D28AE9B8300327621 /* Poppins-BlackItalic.ttf */,
				8DB5323A28AE9B8300327621 /* Poppins-Bold.ttf */,
				8DB5323328AE9B8300327621 /* Poppins-BoldItalic.ttf */,
				8DB5323928AE9B8300327621 /* Poppins-ExtraBold.ttf */,
				8DB5323C28AE9B8300327621 /* Poppins-ExtraBoldItalic.ttf */,
				8DB5323B28AE9B8300327621 /* Poppins-ExtraLight.ttf */,
				8DB5323728AE9B8300327621 /* Poppins-ExtraLightItalic.ttf */,
				8DB5323028AE9B8200327621 /* Poppins-Italic.ttf */,
				8DB5322E28AE9B8200327621 /* Poppins-Light.ttf */,
				8DB5323828AE9B8300327621 /* Poppins-LightItalic.ttf */,
				8DB5323E28AE9B8300327621 /* Poppins-Medium.ttf */,
				8DB5323128AE9B8200327621 /* Poppins-MediumItalic.ttf */,
				8DB5323F28AE9B8300327621 /* Poppins-Regular.ttf */,
				8DB5323528AE9B8300327621 /* Poppins-SemiBold.ttf */,
				8DB5323428AE9B8300327621 /* Poppins-SemiBoldItalic.ttf */,
				8DB5322F28AE9B8200327621 /* Poppins-Thin.ttf */,
				8DB5323628AE9B8300327621 /* Poppins-ThinItalic.ttf */,
			);
			path = Fonts;
			sourceTree = "<group>";
		};
/* End PBXGroup section */

/* Begin PBXNativeTarget section */
		8BB52E1E28ABC4E300916CD5 /* Challenge04 */ = {
			isa = PBXNativeTarget;
			buildConfigurationList = 8BB52E3328ABC4E400916CD5 /* Build configuration list for PBXNativeTarget "Challenge04" */;
			buildPhases = (
				8BB52E1B28ABC4E300916CD5 /* Sources */,
				8BB52E1C28ABC4E300916CD5 /* Frameworks */,
				8BB52E1D28ABC4E300916CD5 /* Resources */,
			);
			buildRules = (
			);
			dependencies = (
			);
			name = Challenge04;
			productName = Challenge04;
			productReference = 8BB52E1F28ABC4E300916CD5 /* Challenge04.app */;
			productType = "com.apple.product-type.application";
		};
/* End PBXNativeTarget section */

/* Begin PBXProject section */
		8BB52E1728ABC4E300916CD5 /* Project object */ = {
			isa = PBXProject;
			attributes = {
				BuildIndependentTargetsInParallel = 1;
				LastSwiftUpdateCheck = 1340;
				LastUpgradeCheck = 1340;
				TargetAttributes = {
					8BB52E1E28ABC4E300916CD5 = {
						CreatedOnToolsVersion = 13.4.1;
					};
				};
			};
			buildConfigurationList = 8BB52E1A28ABC4E300916CD5 /* Build configuration list for PBXProject "Challenge04" */;
			compatibilityVersion = "Xcode 13.0";
			developmentRegion = en;
			hasScannedForEncodings = 0;
			knownRegions = (
				en,
				Base,
			);
			mainGroup = 8BB52E1628ABC4E300916CD5;
			productRefGroup = 8BB52E2028ABC4E300916CD5 /* Products */;
			projectDirPath = "";
			projectRoot = "";
			targets = (
				8BB52E1E28ABC4E300916CD5 /* Challenge04 */,
			);
		};
/* End PBXProject section */

/* Begin PBXResourcesBuildPhase section */
		8BB52E1D28ABC4E300916CD5 /* Resources */ = {
			isa = PBXResourcesBuildPhase;
			buildActionMask = 2147483647;
			files = (
				8DB5324828AE9BD500327621 /* Poppins-ExtraBoldItalic.ttf in Resources */,
				8DB5324D28AE9BD500327621 /* Poppins-Italic.ttf in Resources */,
				8BB52E2F28ABC4E400916CD5 /* LaunchScreen.storyboard in Resources */,
				8DB5324E28AE9BD500327621 /* Poppins-Regular.ttf in Resources */,
				8DB5324228AE9BD500327621 /* Poppins-Light.ttf in Resources */,
				8DB5324928AE9BD500327621 /* Poppins-SemiBoldItalic.ttf in Resources */,
				8DB5324B28AE9BD500327621 /* Poppins-MediumItalic.ttf in Resources */,
				8DB5325228AE9BD500327621 /* Poppins-Bold.ttf in Resources */,
				8D75176B28B51F140033E38B /* Goals.storyboard in Resources */,
				8DB5324C28AE9BD500327621 /* Poppins-SemiBold.ttf in Resources */,
				8DB5324128AE9BD500327621 /* Poppins-LightItalic.ttf in Resources */,
				8DB5324528AE9BD500327621 /* Poppins-Thin.ttf in Resources */,
				8DB5324A28AE9BD500327621 /* Poppins-ExtraLight.ttf in Resources */,
				8DB5324628AE9BD500327621 /* Poppins-Black.ttf in Resources */,
				8DB5325128AE9BD500327621 /* Poppins-ThinItalic.ttf in Resources */,
				8DB5325028AE9BD500327621 /* Poppins-ExtraLightItalic.ttf in Resources */,
				8DB5324328AE9BD500327621 /* Poppins-ExtraBold.ttf in Resources */,
				8B54985628ABC5D200299D02 /* DailyTasks.storyboard in Resources */,
				8DB5324428AE9BD500327621 /* Poppins-Medium.ttf in Resources */,
				8DB5324728AE9BD500327621 /* Poppins-BoldItalic.ttf in Resources */,
				8DB5324F28AE9BD500327621 /* Poppins-BlackItalic.ttf in Resources */,
				8B1E611728ABE904006FB525 /* HumorView.storyboard in Resources */,
				8BB52E2C28ABC4E400916CD5 /* Assets.xcassets in Resources */,
			);
			runOnlyForDeploymentPostprocessing = 0;
		};
/* End PBXResourcesBuildPhase section */

/* Begin PBXSourcesBuildPhase section */
		8BB52E1B28ABC4E300916CD5 /* Sources */ = {
			isa = PBXSourcesBuildPhase;
			buildActionMask = 2147483647;
			files = (
				8D745E2128ABCC4300F6ED75 /* HumorSelection.swift in Sources */,
				8B1E611928ABEA29006FB525 /* Task.swift in Sources */,
				8BDB1F7828AD34BD009C945D /* CardCell.swift in Sources */,
				8DC408AA28B6636D00847C28 /* GoalsController.swift in Sources */,
				8BB52E2328ABC4E300916CD5 /* AppDelegate.swift in Sources */,
				8B1E611D28ABEAB2006FB525 /* DailyTasksController.swift in Sources */,
				8DD4573C28B7BCC1004B68DC /* NewTaskViewController.swift in Sources */,
				8B1E611B28ABEA35006FB525 /* Goal.swift in Sources */,
				8DB5322D28AE9A1200327621 /* ViewController.swift in Sources */,
				8BB52E2528ABC4E300916CD5 /* SceneDelegate.swift in Sources */,
			);
			runOnlyForDeploymentPostprocessing = 0;
		};
/* End PBXSourcesBuildPhase section */

/* Begin PBXVariantGroup section */
		8BB52E2D28ABC4E400916CD5 /* LaunchScreen.storyboard */ = {
			isa = PBXVariantGroup;
			children = (
				8BB52E2E28ABC4E400916CD5 /* Base */,
			);
			name = LaunchScreen.storyboard;
			sourceTree = "<group>";
		};
/* End PBXVariantGroup section */

/* Begin XCBuildConfiguration section */
		8BB52E3128ABC4E400916CD5 /* Debug */ = {
			isa = XCBuildConfiguration;
			buildSettings = {
				ALWAYS_SEARCH_USER_PATHS = NO;
				CLANG_ANALYZER_NONNULL = YES;
				CLANG_ANALYZER_NUMBER_OBJECT_CONVERSION = YES_AGGRESSIVE;
				CLANG_CXX_LANGUAGE_STANDARD = "gnu++17";
				CLANG_ENABLE_MODULES = YES;
				CLANG_ENABLE_OBJC_ARC = YES;
				CLANG_ENABLE_OBJC_WEAK = YES;
				CLANG_WARN_BLOCK_CAPTURE_AUTORELEASING = YES;
				CLANG_WARN_BOOL_CONVERSION = YES;
				CLANG_WARN_COMMA = YES;
				CLANG_WARN_CONSTANT_CONVERSION = YES;
				CLANG_WARN_DEPRECATED_OBJC_IMPLEMENTATIONS = YES;
				CLANG_WARN_DIRECT_OBJC_ISA_USAGE = YES_ERROR;
				CLANG_WARN_DOCUMENTATION_COMMENTS = YES;
				CLANG_WARN_EMPTY_BODY = YES;
				CLANG_WARN_ENUM_CONVERSION = YES;
				CLANG_WARN_INFINITE_RECURSION = YES;
				CLANG_WARN_INT_CONVERSION = YES;
				CLANG_WARN_NON_LITERAL_NULL_CONVERSION = YES;
				CLANG_WARN_OBJC_IMPLICIT_RETAIN_SELF = YES;
				CLANG_WARN_OBJC_LITERAL_CONVERSION = YES;
				CLANG_WARN_OBJC_ROOT_CLASS = YES_ERROR;
				CLANG_WARN_QUOTED_INCLUDE_IN_FRAMEWORK_HEADER = YES;
				CLANG_WARN_RANGE_LOOP_ANALYSIS = YES;
				CLANG_WARN_STRICT_PROTOTYPES = YES;
				CLANG_WARN_SUSPICIOUS_MOVE = YES;
				CLANG_WARN_UNGUARDED_AVAILABILITY = YES_AGGRESSIVE;
				CLANG_WARN_UNREACHABLE_CODE = YES;
				CLANG_WARN__DUPLICATE_METHOD_MATCH = YES;
				COPY_PHASE_STRIP = NO;
				DEBUG_INFORMATION_FORMAT = dwarf;
				ENABLE_STRICT_OBJC_MSGSEND = YES;
				ENABLE_TESTABILITY = YES;
				GCC_C_LANGUAGE_STANDARD = gnu11;
				GCC_DYNAMIC_NO_PIC = NO;
				GCC_NO_COMMON_BLOCKS = YES;
				GCC_OPTIMIZATION_LEVEL = 0;
				GCC_PREPROCESSOR_DEFINITIONS = (
					"DEBUG=1",
					"$(inherited)",
				);
				GCC_WARN_64_TO_32_BIT_CONVERSION = YES;
				GCC_WARN_ABOUT_RETURN_TYPE = YES_ERROR;
				GCC_WARN_UNDECLARED_SELECTOR = YES;
				GCC_WARN_UNINITIALIZED_AUTOS = YES_AGGRESSIVE;
				GCC_WARN_UNUSED_FUNCTION = YES;
				GCC_WARN_UNUSED_VARIABLE = YES;
				IPHONEOS_DEPLOYMENT_TARGET = 15.5;
				MTL_ENABLE_DEBUG_INFO = INCLUDE_SOURCE;
				MTL_FAST_MATH = YES;
				ONLY_ACTIVE_ARCH = YES;
				SDKROOT = iphoneos;
				SWIFT_ACTIVE_COMPILATION_CONDITIONS = DEBUG;
				SWIFT_OPTIMIZATION_LEVEL = "-Onone";
			};
			name = Debug;
		};
		8BB52E3228ABC4E400916CD5 /* Release */ = {
			isa = XCBuildConfiguration;
			buildSettings = {
				ALWAYS_SEARCH_USER_PATHS = NO;
				CLANG_ANALYZER_NONNULL = YES;
				CLANG_ANALYZER_NUMBER_OBJECT_CONVERSION = YES_AGGRESSIVE;
				CLANG_CXX_LANGUAGE_STANDARD = "gnu++17";
				CLANG_ENABLE_MODULES = YES;
				CLANG_ENABLE_OBJC_ARC = YES;
				CLANG_ENABLE_OBJC_WEAK = YES;
				CLANG_WARN_BLOCK_CAPTURE_AUTORELEASING = YES;
				CLANG_WARN_BOOL_CONVERSION = YES;
				CLANG_WARN_COMMA = YES;
				CLANG_WARN_CONSTANT_CONVERSION = YES;
				CLANG_WARN_DEPRECATED_OBJC_IMPLEMENTATIONS = YES;
				CLANG_WARN_DIRECT_OBJC_ISA_USAGE = YES_ERROR;
				CLANG_WARN_DOCUMENTATION_COMMENTS = YES;
				CLANG_WARN_EMPTY_BODY = YES;
				CLANG_WARN_ENUM_CONVERSION = YES;
				CLANG_WARN_INFINITE_RECURSION = YES;
				CLANG_WARN_INT_CONVERSION = YES;
				CLANG_WARN_NON_LITERAL_NULL_CONVERSION = YES;
				CLANG_WARN_OBJC_IMPLICIT_RETAIN_SELF = YES;
				CLANG_WARN_OBJC_LITERAL_CONVERSION = YES;
				CLANG_WARN_OBJC_ROOT_CLASS = YES_ERROR;
				CLANG_WARN_QUOTED_INCLUDE_IN_FRAMEWORK_HEADER = YES;
				CLANG_WARN_RANGE_LOOP_ANALYSIS = YES;
				CLANG_WARN_STRICT_PROTOTYPES = YES;
				CLANG_WARN_SUSPICIOUS_MOVE = YES;
				CLANG_WARN_UNGUARDED_AVAILABILITY = YES_AGGRESSIVE;
				CLANG_WARN_UNREACHABLE_CODE = YES;
				CLANG_WARN__DUPLICATE_METHOD_MATCH = YES;
				COPY_PHASE_STRIP = NO;
				DEBUG_INFORMATION_FORMAT = "dwarf-with-dsym";
				ENABLE_NS_ASSERTIONS = NO;
				ENABLE_STRICT_OBJC_MSGSEND = YES;
				GCC_C_LANGUAGE_STANDARD = gnu11;
				GCC_NO_COMMON_BLOCKS = YES;
				GCC_WARN_64_TO_32_BIT_CONVERSION = YES;
				GCC_WARN_ABOUT_RETURN_TYPE = YES_ERROR;
				GCC_WARN_UNDECLARED_SELECTOR = YES;
				GCC_WARN_UNINITIALIZED_AUTOS = YES_AGGRESSIVE;
				GCC_WARN_UNUSED_FUNCTION = YES;
				GCC_WARN_UNUSED_VARIABLE = YES;
				IPHONEOS_DEPLOYMENT_TARGET = 15.5;
				MTL_ENABLE_DEBUG_INFO = NO;
				MTL_FAST_MATH = YES;
				SDKROOT = iphoneos;
				SWIFT_COMPILATION_MODE = wholemodule;
				SWIFT_OPTIMIZATION_LEVEL = "-O";
				VALIDATE_PRODUCT = YES;
			};
			name = Release;
		};
		8BB52E3428ABC4E400916CD5 /* Debug */ = {
			isa = XCBuildConfiguration;
			buildSettings = {
				ASSETCATALOG_COMPILER_APPICON_NAME = AppIcon;
				ASSETCATALOG_COMPILER_GLOBAL_ACCENT_COLOR_NAME = AccentColor;
				CODE_SIGN_STYLE = Automatic;
				CURRENT_PROJECT_VERSION = 1;
				DEVELOPMENT_TEAM = T88FCKZA2R;
				GENERATE_INFOPLIST_FILE = YES;
				INFOPLIST_FILE = Challenge04/Info.plist;
				INFOPLIST_KEY_UIApplicationSupportsIndirectInputEvents = YES;
				INFOPLIST_KEY_UILaunchStoryboardName = LaunchScreen;
				INFOPLIST_KEY_UIMainStoryboardFile = Goals;
				INFOPLIST_KEY_UISupportedInterfaceOrientations_iPad = "UIInterfaceOrientationPortrait UIInterfaceOrientationPortraitUpsideDown UIInterfaceOrientationLandscapeLeft UIInterfaceOrientationLandscapeRight";
				INFOPLIST_KEY_UISupportedInterfaceOrientations_iPhone = "UIInterfaceOrientationPortrait UIInterfaceOrientationLandscapeLeft UIInterfaceOrientationLandscapeRight";
				LD_RUNPATH_SEARCH_PATHS = (
					"$(inherited)",
					"@executable_path/Frameworks",
				);
				MARKETING_VERSION = 1.0;
				PRODUCT_BUNDLE_IDENTIFIER = com.annamilani.Challenge04;
				PRODUCT_NAME = "$(TARGET_NAME)";
				SWIFT_EMIT_LOC_STRINGS = YES;
				SWIFT_VERSION = 5.0;
				TARGETED_DEVICE_FAMILY = "1,2";
			};
			name = Debug;
		};
		8BB52E3528ABC4E400916CD5 /* Release */ = {
			isa = XCBuildConfiguration;
			buildSettings = {
				ASSETCATALOG_COMPILER_APPICON_NAME = AppIcon;
				ASSETCATALOG_COMPILER_GLOBAL_ACCENT_COLOR_NAME = AccentColor;
				CODE_SIGN_STYLE = Automatic;
				CURRENT_PROJECT_VERSION = 1;
				DEVELOPMENT_TEAM = T88FCKZA2R;
				GENERATE_INFOPLIST_FILE = YES;
				INFOPLIST_FILE = Challenge04/Info.plist;
				INFOPLIST_KEY_UIApplicationSupportsIndirectInputEvents = YES;
				INFOPLIST_KEY_UILaunchStoryboardName = LaunchScreen;
				INFOPLIST_KEY_UIMainStoryboardFile = Goals;
				INFOPLIST_KEY_UISupportedInterfaceOrientations_iPad = "UIInterfaceOrientationPortrait UIInterfaceOrientationPortraitUpsideDown UIInterfaceOrientationLandscapeLeft UIInterfaceOrientationLandscapeRight";
				INFOPLIST_KEY_UISupportedInterfaceOrientations_iPhone = "UIInterfaceOrientationPortrait UIInterfaceOrientationLandscapeLeft UIInterfaceOrientationLandscapeRight";
				LD_RUNPATH_SEARCH_PATHS = (
					"$(inherited)",
					"@executable_path/Frameworks",
				);
				MARKETING_VERSION = 1.0;
				PRODUCT_BUNDLE_IDENTIFIER = com.annamilani.Challenge04;
				PRODUCT_NAME = "$(TARGET_NAME)";
				SWIFT_EMIT_LOC_STRINGS = YES;
				SWIFT_VERSION = 5.0;
				TARGETED_DEVICE_FAMILY = "1,2";
			};
			name = Release;
		};
/* End XCBuildConfiguration section */

/* Begin XCConfigurationList section */
		8BB52E1A28ABC4E300916CD5 /* Build configuration list for PBXProject "Challenge04" */ = {
			isa = XCConfigurationList;
			buildConfigurations = (
				8BB52E3128ABC4E400916CD5 /* Debug */,
				8BB52E3228ABC4E400916CD5 /* Release */,
			);
			defaultConfigurationIsVisible = 0;
			defaultConfigurationName = Release;
		};
		8BB52E3328ABC4E400916CD5 /* Build configuration list for PBXNativeTarget "Challenge04" */ = {
			isa = XCConfigurationList;
			buildConfigurations = (
				8BB52E3428ABC4E400916CD5 /* Debug */,
				8BB52E3528ABC4E400916CD5 /* Release */,
			);
			defaultConfigurationIsVisible = 0;
			defaultConfigurationName = Release;
		};
/* End XCConfigurationList section */
	};
	rootObject = 8BB52E1728ABC4E300916CD5 /* Project object */;
}
